
Microsoft Visual Studio Solution File, Format Version 12.00
# Visual Studio 15
VisualStudioVersion = 15.0.28307.1267
MinimumVisualStudioVersion = 10.0.40219.1
Project("{FAE04EC0-301F-11D3-BF4B-00C04F79EFBC}") = "FourthTask", "FourthTask\FourthTask.csproj", "{06752FCF-85BE-4919-9B1A-FDA7ABDCD564}"
EndProject
Global
	GlobalSection(SolutionConfigurationPlatforms) = preSolution
		Debug|Any CPU = Debug|Any CPU
		Release|Any CPU = Release|Any CPU
	EndGlobalSection
	GlobalSection(ProjectConfigurationPlatforms) = postSolution
		{06752FCF-85BE-4919-9B1A-FDA7ABDCD564}.Debug|Any CPU.ActiveCfg = Debug|Any CPU
		{06752FCF-85BE-4919-9B1A-FDA7ABDCD564}.Debug|Any CPU.Build.0 = Debug|Any CPU
		{06752FCF-85BE-4919-9B1A-FDA7ABDCD564}.Release|Any CPU.ActiveCfg = Release|Any CPU
		{06752FCF-85BE-4919-9B1A-FDA7ABDCD564}.Release|Any CPU.Build.0 = Release|Any CPU
	EndGlobalSection
	GlobalSection(SolutionProperties) = preSolution
		HideSolutionNode = FALSE
	EndGlobalSection
	GlobalSection(ExtensibilityGlobals) = postSolution
		SolutionGuid = {5701B30D-DF12-406C-A320-66A2D5D0FEDF}
	EndGlobalSection
EndGlobal
